
Microsoft Visual Studio Solution File, Format Version 12.00
# Visual Studio Version 16
VisualStudioVersion = 16.0.29306.81
MinimumVisualStudioVersion = 10.0.40219.1
Project("{9A19103F-16F7-4668-BE54-9A1E7A4F7556}") = "Client", "Client\Client.csproj", "{33AE74FC-3A86-4E85-96B0-8331CB973392}"
EndProject
Project("{9A19103F-16F7-4668-BE54-9A1E7A4F7556}") = "Database", "Database\Database.csproj", "{09DB8AB8-D930-4A95-BD02-15B85EB14777}"
EndProject
Project("{9A19103F-16F7-4668-BE54-9A1E7A4F7556}") = "Database.Test", "Database.Test\Database.Test.csproj", "{966E139B-EAE4-4234-A5F6-BFC0B6A4D3EB}"
EndProject
Project("{9A19103F-16F7-4668-BE54-9A1E7A4F7556}") = "Domain", "Domain\Domain.csproj", "{9EDE3CAE-DE5A-47AD-ADE2-C47EB88529D3}"
EndProject
Project("{9A19103F-16F7-4668-BE54-9A1E7A4F7556}") = "ServerApp", "ServerApp\ServerApp.csproj", "{A311631D-A7D3-4532-B210-B47DB85FFDF0}"
EndProject
Project("{FAE04EC0-301F-11D3-BF4B-00C04F79EFBC}") = "Client.Views", "Client.Views\Client.Views.csproj", "{E234793F-63E1-400B-9076-82D7AB64BD60}"
EndProject
Project("{9A19103F-16F7-4668-BE54-9A1E7A4F7556}") = "ServerApp.Test", "ServerApp.Test\ServerApp.Test.csproj", "{C859BB2A-2352-4990-BB2E-A7256345D55A}"
EndProject
Project("{FAE04EC0-301F-11D3-BF4B-00C04F79EFBC}") = "Domain.Test", "Domain.Test\Domain.Test.csproj", "{6233CCA8-4406-47BA-8D58-5BC2E798E68C}"
EndProject
Global
	GlobalSection(SolutionConfigurationPlatforms) = preSolution
		Debug|Any CPU = Debug|Any CPU
		Release|Any CPU = Release|Any CPU
	EndGlobalSection
	GlobalSection(ProjectConfigurationPlatforms) = postSolution
		{33AE74FC-3A86-4E85-96B0-8331CB973392}.Debug|Any CPU.ActiveCfg = Debug|Any CPU
		{33AE74FC-3A86-4E85-96B0-8331CB973392}.Debug|Any CPU.Build.0 = Debug|Any CPU
		{33AE74FC-3A86-4E85-96B0-8331CB973392}.Release|Any CPU.ActiveCfg = Release|Any CPU
		{33AE74FC-3A86-4E85-96B0-8331CB973392}.Release|Any CPU.Build.0 = Release|Any CPU
		{09DB8AB8-D930-4A95-BD02-15B85EB14777}.Debug|Any CPU.ActiveCfg = Debug|Any CPU
		{09DB8AB8-D930-4A95-BD02-15B85EB14777}.Debug|Any CPU.Build.0 = Debug|Any CPU
		{09DB8AB8-D930-4A95-BD02-15B85EB14777}.Release|Any CPU.ActiveCfg = Release|Any CPU
		{09DB8AB8-D930-4A95-BD02-15B85EB14777}.Release|Any CPU.Build.0 = Release|Any CPU
		{966E139B-EAE4-4234-A5F6-BFC0B6A4D3EB}.Debug|Any CPU.ActiveCfg = Debug|Any CPU
		{966E139B-EAE4-4234-A5F6-BFC0B6A4D3EB}.Debug|Any CPU.Build.0 = Debug|Any CPU
		{966E139B-EAE4-4234-A5F6-BFC0B6A4D3EB}.Release|Any CPU.ActiveCfg = Release|Any CPU
		{966E139B-EAE4-4234-A5F6-BFC0B6A4D3EB}.Release|Any CPU.Build.0 = Release|Any CPU
		{9EDE3CAE-DE5A-47AD-ADE2-C47EB88529D3}.Debug|Any CPU.ActiveCfg = Debug|Any CPU
		{9EDE3CAE-DE5A-47AD-ADE2-C47EB88529D3}.Debug|Any CPU.Build.0 = Debug|Any CPU
		{9EDE3CAE-DE5A-47AD-ADE2-C47EB88529D3}.Release|Any CPU.ActiveCfg = Release|Any CPU
		{9EDE3CAE-DE5A-47AD-ADE2-C47EB88529D3}.Release|Any CPU.Build.0 = Release|Any CPU
		{A311631D-A7D3-4532-B210-B47DB85FFDF0}.Debug|Any CPU.ActiveCfg = Debug|Any CPU
		{A311631D-A7D3-4532-B210-B47DB85FFDF0}.Debug|Any CPU.Build.0 = Debug|Any CPU
		{A311631D-A7D3-4532-B210-B47DB85FFDF0}.Release|Any CPU.ActiveCfg = Release|Any CPU
		{A311631D-A7D3-4532-B210-B47DB85FFDF0}.Release|Any CPU.Build.0 = Release|Any CPU
		{E234793F-63E1-400B-9076-82D7AB64BD60}.Debug|Any CPU.ActiveCfg = Debug|Any CPU
		{E234793F-63E1-400B-9076-82D7AB64BD60}.Debug|Any CPU.Build.0 = Debug|Any CPU
		{E234793F-63E1-400B-9076-82D7AB64BD60}.Release|Any CPU.ActiveCfg = Release|Any CPU
		{E234793F-63E1-400B-9076-82D7AB64BD60}.Release|Any CPU.Build.0 = Release|Any CPU
		{C859BB2A-2352-4990-BB2E-A7256345D55A}.Debug|Any CPU.ActiveCfg = Debug|Any CPU
		{C859BB2A-2352-4990-BB2E-A7256345D55A}.Debug|Any CPU.Build.0 = Debug|Any CPU
		{C859BB2A-2352-4990-BB2E-A7256345D55A}.Release|Any CPU.ActiveCfg = Release|Any CPU
		{C859BB2A-2352-4990-BB2E-A7256345D55A}.Release|Any CPU.Build.0 = Release|Any CPU
		{6233CCA8-4406-47BA-8D58-5BC2E798E68C}.Debug|Any CPU.ActiveCfg = Debug|Any CPU
		{6233CCA8-4406-47BA-8D58-5BC2E798E68C}.Debug|Any CPU.Build.0 = Debug|Any CPU
		{6233CCA8-4406-47BA-8D58-5BC2E798E68C}.Release|Any CPU.ActiveCfg = Release|Any CPU
		{6233CCA8-4406-47BA-8D58-5BC2E798E68C}.Release|Any CPU.Build.0 = Release|Any CPU
	EndGlobalSection
	GlobalSection(SolutionProperties) = preSolution
		HideSolutionNode = FALSE
	EndGlobalSection
	GlobalSection(ExtensibilityGlobals) = postSolution
		SolutionGuid = {42D7B9EB-EF5B-4BFD-A308-694BE0DA0E34}
	EndGlobalSection
EndGlobal
